// !$*UTF8*$!
{
	archiveVersion = 1;
	classes = {
	};
	objectVersion = 46;
	objects = {

/* Begin PBXBuildFile section */
		53022DA21F840390003DBDD0 /* LoginVC.swift in Sources */ = {isa = PBXBuildFile; fileRef = 53022DA11F840390003DBDD0 /* LoginVC.swift */; };
		533469001F3B51E300D54B92 /* AppDelegate.swift in Sources */ = {isa = PBXBuildFile; fileRef = 533468FF1F3B51E300D54B92 /* AppDelegate.swift */; };
		533469051F3B51E300D54B92 /* Main.storyboard in Resources */ = {isa = PBXBuildFile; fileRef = 533469031F3B51E300D54B92 /* Main.storyboard */; };
		533469071F3B51E300D54B92 /* Assets.xcassets in Resources */ = {isa = PBXBuildFile; fileRef = 533469061F3B51E300D54B92 /* Assets.xcassets */; };
		5334690A1F3B51E300D54B92 /* LaunchScreen.storyboard in Resources */ = {isa = PBXBuildFile; fileRef = 533469081F3B51E300D54B92 /* LaunchScreen.storyboard */; };
		533469151F3B51E300D54B92 /* TellThemUITests.swift in Sources */ = {isa = PBXBuildFile; fileRef = 533469141F3B51E300D54B92 /* TellThemUITests.swift */; };
		533469221F3B570000D54B92 /* Roboto-Black.ttf in Resources */ = {isa = PBXBuildFile; fileRef = 533469211F3B570000D54B92 /* Roboto-Black.ttf */; };
		5334C1AC1F840F8B00F1F5A0 /* ContainerVC.swift in Sources */ = {isa = PBXBuildFile; fileRef = 5334C1AB1F840F8B00F1F5A0 /* ContainerVC.swift */; };
		5334C1AE1F840FBD00F1F5A0 /* SideMenuVC.swift in Sources */ = {isa = PBXBuildFile; fileRef = 5334C1AD1F840FBD00F1F5A0 /* SideMenuVC.swift */; };
		5350CBB71F3B6AE000E48FDF /* WelcomeVC.swift in Sources */ = {isa = PBXBuildFile; fileRef = 5350CBB61F3B6AE000E48FDF /* WelcomeVC.swift */; };
		5350CBB91F3B6C9600E48FDF /* AuthServices.swift in Sources */ = {isa = PBXBuildFile; fileRef = 5350CBB81F3B6C9600E48FDF /* AuthServices.swift */; };
		5350CBBB1F3B6CB800E48FDF /* DatabaseServices.swift in Sources */ = {isa = PBXBuildFile; fileRef = 5350CBBA1F3B6CB800E48FDF /* DatabaseServices.swift */; };
		5350CBBD1F3B6CC700E48FDF /* Users.swift in Sources */ = {isa = PBXBuildFile; fileRef = 5350CBBC1F3B6CC700E48FDF /* Users.swift */; };
		5350CBBF1F3B70D200E48FDF /* DismissKeyboard.swift in Sources */ = {isa = PBXBuildFile; fileRef = 5350CBBE1F3B70D200E48FDF /* DismissKeyboard.swift */; };
		537FFA291F830CF80074A436 /* GetStartedVC.swift in Sources */ = {isa = PBXBuildFile; fileRef = 537FFA281F830CF80074A436 /* GetStartedVC.swift */; };
		537FFA2B1F8339670074A436 /* CreateAccountVC.swift in Sources */ = {isa = PBXBuildFile; fileRef = 537FFA2A1F8339660074A436 /* CreateAccountVC.swift */; };
		5388881E1F53B74E00B68222 /* GoogleService-Info.plist in Resources */ = {isa = PBXBuildFile; fileRef = 5388881D1F53B74E00B68222 /* GoogleService-Info.plist */; };
		53889F091F83463700938D53 /* SetProfileImageVC.swift in Sources */ = {isa = PBXBuildFile; fileRef = 53889F081F83463700938D53 /* SetProfileImageVC.swift */; };
		539A1D621F55DA4400327B66 /* TabBarVC.swift in Sources */ = {isa = PBXBuildFile; fileRef = 539A1D611F55DA4400327B66 /* TabBarVC.swift */; };
		B5B98E290B1E5B5FD18A94F8 /* Pods_TellThem.framework in Frameworks */ = {isa = PBXBuildFile; fileRef = C8DA5F50005B1DD53766D82F /* Pods_TellThem.framework */; };
		FD9D551227310B5C352A8AFF /* Pods_TellThemUITests.framework in Frameworks */ = {isa = PBXBuildFile; fileRef = 5DCFBC883335834621661395 /* Pods_TellThemUITests.framework */; };
/* End PBXBuildFile section */

/* Begin PBXContainerItemProxy section */
		533469111F3B51E300D54B92 /* PBXContainerItemProxy */ = {
			isa = PBXContainerItemProxy;
			containerPortal = 533468F41F3B51E300D54B92 /* Project object */;
			proxyType = 1;
			remoteGlobalIDString = 533468FB1F3B51E300D54B92;
			remoteInfo = TellThem;
		};
/* End PBXContainerItemProxy section */

/* Begin PBXFileReference section */
		53022DA11F840390003DBDD0 /* LoginVC.swift */ = {isa = PBXFileReference; lastKnownFileType = sourcecode.swift; path = LoginVC.swift; sourceTree = "<group>"; };
		533468FC1F3B51E300D54B92 /* TellThem.app */ = {isa = PBXFileReference; explicitFileType = wrapper.application; includeInIndex = 0; path = TellThem.app; sourceTree = BUILT_PRODUCTS_DIR; };
		533468FF1F3B51E300D54B92 /* AppDelegate.swift */ = {isa = PBXFileReference; lastKnownFileType = sourcecode.swift; path = AppDelegate.swift; sourceTree = "<group>"; };
		533469041F3B51E300D54B92 /* Base */ = {isa = PBXFileReference; lastKnownFileType = file.storyboard; name = Base; path = Base.lproj/Main.storyboard; sourceTree = "<group>"; };
		533469061F3B51E300D54B92 /* Assets.xcassets */ = {isa = PBXFileReference; lastKnownFileType = folder.assetcatalog; path = Assets.xcassets; sourceTree = "<group>"; };
		533469091F3B51E300D54B92 /* Base */ = {isa = PBXFileReference; lastKnownFileType = file.storyboard; name = Base; path = Base.lproj/LaunchScreen.storyboard; sourceTree = "<group>"; };
		5334690B1F3B51E300D54B92 /* Info.plist */ = {isa = PBXFileReference; lastKnownFileType = text.plist.xml; path = Info.plist; sourceTree = "<group>"; };
		533469101F3B51E300D54B92 /* TellThemUITests.xctest */ = {isa = PBXFileReference; explicitFileType = wrapper.cfbundle; includeInIndex = 0; path = TellThemUITests.xctest; sourceTree = BUILT_PRODUCTS_DIR; };
		533469141F3B51E300D54B92 /* TellThemUITests.swift */ = {isa = PBXFileReference; lastKnownFileType = sourcecode.swift; path = TellThemUITests.swift; sourceTree = "<group>"; };
		533469161F3B51E300D54B92 /* Info.plist */ = {isa = PBXFileReference; lastKnownFileType = text.plist.xml; path = Info.plist; sourceTree = "<group>"; };
		533469211F3B570000D54B92 /* Roboto-Black.ttf */ = {isa = PBXFileReference; lastKnownFileType = file; name = "Roboto-Black.ttf"; path = "../../../../Downloads/roboto/Roboto-Black.ttf"; sourceTree = "<group>"; };
		5334C1AB1F840F8B00F1F5A0 /* ContainerVC.swift */ = {isa = PBXFileReference; lastKnownFileType = sourcecode.swift; path = ContainerVC.swift; sourceTree = "<group>"; };
		5334C1AD1F840FBD00F1F5A0 /* SideMenuVC.swift */ = {isa = PBXFileReference; lastKnownFileType = sourcecode.swift; path = SideMenuVC.swift; sourceTree = "<group>"; };
		5350CBB61F3B6AE000E48FDF /* WelcomeVC.swift */ = {isa = PBXFileReference; fileEncoding = 4; lastKnownFileType = sourcecode.swift; path = WelcomeVC.swift; sourceTree = "<group>"; };
		5350CBB81F3B6C9600E48FDF /* AuthServices.swift */ = {isa = PBXFileReference; fileEncoding = 4; lastKnownFileType = sourcecode.swift; path = AuthServices.swift; sourceTree = "<group>"; };
		5350CBBA1F3B6CB800E48FDF /* DatabaseServices.swift */ = {isa = PBXFileReference; fileEncoding = 4; lastKnownFileType = sourcecode.swift; path = DatabaseServices.swift; sourceTree = "<group>"; };
		5350CBBC1F3B6CC700E48FDF /* Users.swift */ = {isa = PBXFileReference; fileEncoding = 4; lastKnownFileType = sourcecode.swift; path = Users.swift; sourceTree = "<group>"; };
		5350CBBE1F3B70D200E48FDF /* DismissKeyboard.swift */ = {isa = PBXFileReference; fileEncoding = 4; lastKnownFileType = sourcecode.swift; path = DismissKeyboard.swift; sourceTree = "<group>"; };
		537FFA281F830CF80074A436 /* GetStartedVC.swift */ = {isa = PBXFileReference; lastKnownFileType = sourcecode.swift; path = GetStartedVC.swift; sourceTree = "<group>"; };
		537FFA2A1F8339660074A436 /* CreateAccountVC.swift */ = {isa = PBXFileReference; lastKnownFileType = sourcecode.swift; path = CreateAccountVC.swift; sourceTree = "<group>"; };
		5388881D1F53B74E00B68222 /* GoogleService-Info.plist */ = {isa = PBXFileReference; fileEncoding = 4; lastKnownFileType = text.plist.xml; name = "GoogleService-Info.plist"; path = "../../../../Downloads/GoogleService-Info.plist"; sourceTree = "<group>"; };
		53889F081F83463700938D53 /* SetProfileImageVC.swift */ = {isa = PBXFileReference; lastKnownFileType = sourcecode.swift; path = SetProfileImageVC.swift; sourceTree = "<group>"; };
		539A1D611F55DA4400327B66 /* TabBarVC.swift */ = {isa = PBXFileReference; fileEncoding = 4; lastKnownFileType = sourcecode.swift; path = TabBarVC.swift; sourceTree = "<group>"; };
		5DCFBC883335834621661395 /* Pods_TellThemUITests.framework */ = {isa = PBXFileReference; explicitFileType = wrapper.framework; includeInIndex = 0; path = Pods_TellThemUITests.framework; sourceTree = BUILT_PRODUCTS_DIR; };
		8A295D001B9869CE48319424 /* Pods-TellThemUITests.debug.xcconfig */ = {isa = PBXFileReference; includeInIndex = 1; lastKnownFileType = text.xcconfig; name = "Pods-TellThemUITests.debug.xcconfig"; path = "Pods/Target Support Files/Pods-TellThemUITests/Pods-TellThemUITests.debug.xcconfig"; sourceTree = "<group>"; };
		A60F8BBCA418FA4DB60DA12F /* Pods-TellThemUITests.release.xcconfig */ = {isa = PBXFileReference; includeInIndex = 1; lastKnownFileType = text.xcconfig; name = "Pods-TellThemUITests.release.xcconfig"; path = "Pods/Target Support Files/Pods-TellThemUITests/Pods-TellThemUITests.release.xcconfig"; sourceTree = "<group>"; };
		B4D91CD9B4CC15A3DD8FF49E /* Pods-TellThem.debug.xcconfig */ = {isa = PBXFileReference; includeInIndex = 1; lastKnownFileType = text.xcconfig; name = "Pods-TellThem.debug.xcconfig"; path = "Pods/Target Support Files/Pods-TellThem/Pods-TellThem.debug.xcconfig"; sourceTree = "<group>"; };
		B6D278D80AD2F5F7414431FB /* Pods-TellThem.release.xcconfig */ = {isa = PBXFileReference; includeInIndex = 1; lastKnownFileType = text.xcconfig; name = "Pods-TellThem.release.xcconfig"; path = "Pods/Target Support Files/Pods-TellThem/Pods-TellThem.release.xcconfig"; sourceTree = "<group>"; };
		C8DA5F50005B1DD53766D82F /* Pods_TellThem.framework */ = {isa = PBXFileReference; explicitFileType = wrapper.framework; includeInIndex = 0; path = Pods_TellThem.framework; sourceTree = BUILT_PRODUCTS_DIR; };
/* End PBXFileReference section */

/* Begin PBXFrameworksBuildPhase section */
		533468F91F3B51E300D54B92 /* Frameworks */ = {
			isa = PBXFrameworksBuildPhase;
			buildActionMask = 2147483647;
			files = (
				B5B98E290B1E5B5FD18A94F8 /* Pods_TellThem.framework in Frameworks */,
			);
			runOnlyForDeploymentPostprocessing = 0;
		};
		5334690D1F3B51E300D54B92 /* Frameworks */ = {
			isa = PBXFrameworksBuildPhase;
			buildActionMask = 2147483647;
			files = (
				FD9D551227310B5C352A8AFF /* Pods_TellThemUITests.framework in Frameworks */,
			);
			runOnlyForDeploymentPostprocessing = 0;
		};
/* End PBXFrameworksBuildPhase section */

/* Begin PBXGroup section */
		3F4217226E514802BD529E1D /* Pods */ = {
			isa = PBXGroup;
			children = (
				B4D91CD9B4CC15A3DD8FF49E /* Pods-TellThem.debug.xcconfig */,
				B6D278D80AD2F5F7414431FB /* Pods-TellThem.release.xcconfig */,
				8A295D001B9869CE48319424 /* Pods-TellThemUITests.debug.xcconfig */,
				A60F8BBCA418FA4DB60DA12F /* Pods-TellThemUITests.release.xcconfig */,
			);
			name = Pods;
			sourceTree = "<group>";
		};
		533468F31F3B51E300D54B92 = {
			isa = PBXGroup;
			children = (
				533468FE1F3B51E300D54B92 /* TellThem */,
				533469131F3B51E300D54B92 /* TellThemUITests */,
				533468FD1F3B51E300D54B92 /* Products */,
				3F4217226E514802BD529E1D /* Pods */,
				CB21E3FA42C78393671ED974 /* Frameworks */,
			);
			sourceTree = "<group>";
		};
		533468FD1F3B51E300D54B92 /* Products */ = {
			isa = PBXGroup;
			children = (
				533468FC1F3B51E300D54B92 /* TellThem.app */,
				533469101F3B51E300D54B92 /* TellThemUITests.xctest */,
			);
			name = Products;
			sourceTree = "<group>";
		};
		533468FE1F3B51E300D54B92 /* TellThem */ = {
			isa = PBXGroup;
			children = (
				5350CBB01F3B694F00E48FDF /* Model */,
				5350CBB11F3B695A00E48FDF /* View */,
				5350CBB21F3B696200E48FDF /* Controller */,
				5350CBB31F3B696900E48FDF /* Networkservices */,
				533468FF1F3B51E300D54B92 /* AppDelegate.swift */,
				533469031F3B51E300D54B92 /* Main.storyboard */,
				533469061F3B51E300D54B92 /* Assets.xcassets */,
				533469081F3B51E300D54B92 /* LaunchScreen.storyboard */,
				5388881D1F53B74E00B68222 /* GoogleService-Info.plist */,
				533469211F3B570000D54B92 /* Roboto-Black.ttf */,
				5334690B1F3B51E300D54B92 /* Info.plist */,
			);
			path = TellThem;
			sourceTree = "<group>";
		};
		533469131F3B51E300D54B92 /* TellThemUITests */ = {
			isa = PBXGroup;
			children = (
				533469141F3B51E300D54B92 /* TellThemUITests.swift */,
				533469161F3B51E300D54B92 /* Info.plist */,
			);
			path = TellThemUITests;
			sourceTree = "<group>";
		};
		5350CBB01F3B694F00E48FDF /* Model */ = {
			isa = PBXGroup;
			children = (
				5350CBBC1F3B6CC700E48FDF /* Users.swift */,
			);
			name = Model;
			sourceTree = "<group>";
		};
		5350CBB11F3B695A00E48FDF /* View */ = {
			isa = PBXGroup;
			children = (
			);
			name = View;
			sourceTree = "<group>";
		};
		5350CBB21F3B696200E48FDF /* Controller */ = {
			isa = PBXGroup;
			children = (
				5350CBB61F3B6AE000E48FDF /* WelcomeVC.swift */,
				5350CBBE1F3B70D200E48FDF /* DismissKeyboard.swift */,
				539A1D611F55DA4400327B66 /* TabBarVC.swift */,
				537FFA281F830CF80074A436 /* GetStartedVC.swift */,
				537FFA2A1F8339660074A436 /* CreateAccountVC.swift */,
				53889F081F83463700938D53 /* SetProfileImageVC.swift */,
				53022DA11F840390003DBDD0 /* LoginVC.swift */,
				5334C1AB1F840F8B00F1F5A0 /* ContainerVC.swift */,
				5334C1AD1F840FBD00F1F5A0 /* SideMenuVC.swift */,
			);
			name = Controller;
			sourceTree = "<group>";
		};
		5350CBB31F3B696900E48FDF /* Networkservices */ = {
			isa = PBXGroup;
			children = (
				5350CBB81F3B6C9600E48FDF /* AuthServices.swift */,
				5350CBBA1F3B6CB800E48FDF /* DatabaseServices.swift */,
			);
			name = Networkservices;
			sourceTree = "<group>";
		};
		CB21E3FA42C78393671ED974 /* Frameworks */ = {
			isa = PBXGroup;
			children = (
				C8DA5F50005B1DD53766D82F /* Pods_TellThem.framework */,
				5DCFBC883335834621661395 /* Pods_TellThemUITests.framework */,
			);
			name = Frameworks;
			sourceTree = "<group>";
		};
/* End PBXGroup section */

/* Begin PBXNativeTarget section */
		533468FB1F3B51E300D54B92 /* TellThem */ = {
			isa = PBXNativeTarget;
			buildConfigurationList = 533469191F3B51E300D54B92 /* Build configuration list for PBXNativeTarget "TellThem" */;
			buildPhases = (
				F930C62E22E1D4F676506AE4 /* [CP] Check Pods Manifest.lock */,
				533468F81F3B51E300D54B92 /* Sources */,
				533468F91F3B51E300D54B92 /* Frameworks */,
				533468FA1F3B51E300D54B92 /* Resources */,
				9AC86E6B15341B0326838D22 /* [CP] Embed Pods Frameworks */,
				56A8D14BBDF69BE262EBDA53 /* [CP] Copy Pods Resources */,
			);
			buildRules = (
			);
			dependencies = (
			);
			name = TellThem;
			productName = TellThem;
			productReference = 533468FC1F3B51E300D54B92 /* TellThem.app */;
			productType = "com.apple.product-type.application";
		};
		5334690F1F3B51E300D54B92 /* TellThemUITests */ = {
			isa = PBXNativeTarget;
			buildConfigurationList = 5334691C1F3B51E300D54B92 /* Build configuration list for PBXNativeTarget "TellThemUITests" */;
			buildPhases = (
				E2D9B376775C99B24D3EE26E /* [CP] Check Pods Manifest.lock */,
				5334690C1F3B51E300D54B92 /* Sources */,
				5334690D1F3B51E300D54B92 /* Frameworks */,
				5334690E1F3B51E300D54B92 /* Resources */,
				8CA0A1ACC32CFF17ABA72DD4 /* [CP] Embed Pods Frameworks */,
				2A25AD25B73EE76106B1CE3F /* [CP] Copy Pods Resources */,
			);
			buildRules = (
			);
			dependencies = (
				533469121F3B51E300D54B92 /* PBXTargetDependency */,
			);
			name = TellThemUITests;
			productName = TellThemUITests;
			productReference = 533469101F3B51E300D54B92 /* TellThemUITests.xctest */;
			productType = "com.apple.product-type.bundle.ui-testing";
		};
/* End PBXNativeTarget section */

/* Begin PBXProject section */
		533468F41F3B51E300D54B92 /* Project object */ = {
			isa = PBXProject;
			attributes = {
				LastSwiftUpdateCheck = 0830;
				LastUpgradeCheck = 0830;
				ORGANIZATIONNAME = "James Meli";
				TargetAttributes = {
					533468FB1F3B51E300D54B92 = {
						CreatedOnToolsVersion = 8.3.3;
						DevelopmentTeam = Z383SB92Z7;
						ProvisioningStyle = Automatic;
					};
					5334690F1F3B51E300D54B92 = {
						CreatedOnToolsVersion = 8.3.3;
						DevelopmentTeam = Z383SB92Z7;
						ProvisioningStyle = Automatic;
						TestTargetID = 533468FB1F3B51E300D54B92;
					};
				};
			};
			buildConfigurationList = 533468F71F3B51E300D54B92 /* Build configuration list for PBXProject "TellThem" */;
			compatibilityVersion = "Xcode 3.2";
			developmentRegion = English;
			hasScannedForEncodings = 0;
			knownRegions = (
				en,
				Base,
			);
			mainGroup = 533468F31F3B51E300D54B92;
			productRefGroup = 533468FD1F3B51E300D54B92 /* Products */;
			projectDirPath = "";
			projectRoot = "";
			targets = (
				533468FB1F3B51E300D54B92 /* TellThem */,
				5334690F1F3B51E300D54B92 /* TellThemUITests */,
			);
		};
/* End PBXProject section */

/* Begin PBXResourcesBuildPhase section */
		533468FA1F3B51E300D54B92 /* Resources */ = {
			isa = PBXResourcesBuildPhase;
			buildActionMask = 2147483647;
			files = (
				5334690A1F3B51E300D54B92 /* LaunchScreen.storyboard in Resources */,
				533469221F3B570000D54B92 /* Roboto-Black.ttf in Resources */,
				5388881E1F53B74E00B68222 /* GoogleService-Info.plist in Resources */,
				533469071F3B51E300D54B92 /* Assets.xcassets in Resources */,
				533469051F3B51E300D54B92 /* Main.storyboard in Resources */,
			);
			runOnlyForDeploymentPostprocessing = 0;
		};
		5334690E1F3B51E300D54B92 /* Resources */ = {
			isa = PBXResourcesBuildPhase;
			buildActionMask = 2147483647;
			files = (
			);
			runOnlyForDeploymentPostprocessing = 0;
		};
/* End PBXResourcesBuildPhase section */

/* Begin PBXShellScriptBuildPhase section */
		2A25AD25B73EE76106B1CE3F /* [CP] Copy Pods Resources */ = {
			isa = PBXShellScriptBuildPhase;
			buildActionMask = 2147483647;
			files = (
			);
			inputPaths = (
			);
			name = "[CP] Copy Pods Resources";
			outputPaths = (
			);
			runOnlyForDeploymentPostprocessing = 0;
			shellPath = /bin/sh;
			shellScript = "\"${SRCROOT}/Pods/Target Support Files/Pods-TellThemUITests/Pods-TellThemUITests-resources.sh\"\n";
			showEnvVarsInLog = 0;
		};
		56A8D14BBDF69BE262EBDA53 /* [CP] Copy Pods Resources */ = {
			isa = PBXShellScriptBuildPhase;
			buildActionMask = 2147483647;
			files = (
			);
			inputPaths = (
			);
			name = "[CP] Copy Pods Resources";
			outputPaths = (
			);
			runOnlyForDeploymentPostprocessing = 0;
			shellPath = /bin/sh;
			shellScript = "\"${SRCROOT}/Pods/Target Support Files/Pods-TellThem/Pods-TellThem-resources.sh\"\n";
			showEnvVarsInLog = 0;
		};
		8CA0A1ACC32CFF17ABA72DD4 /* [CP] Embed Pods Frameworks */ = {
			isa = PBXShellScriptBuildPhase;
			buildActionMask = 2147483647;
			files = (
			);
			inputPaths = (
			);
			name = "[CP] Embed Pods Frameworks";
			outputPaths = (
			);
			runOnlyForDeploymentPostprocessing = 0;
			shellPath = /bin/sh;
			shellScript = "\"${SRCROOT}/Pods/Target Support Files/Pods-TellThemUITests/Pods-TellThemUITests-frameworks.sh\"\n";
			showEnvVarsInLog = 0;
		};
		9AC86E6B15341B0326838D22 /* [CP] Embed Pods Frameworks */ = {
			isa = PBXShellScriptBuildPhase;
			buildActionMask = 2147483647;
			files = (
			);
			inputPaths = (
				"${SRCROOT}/Pods/Target Support Files/Pods-TellThem/Pods-TellThem-frameworks.sh",
				"${BUILT_PRODUCTS_DIR}/Bolts/Bolts.framework",
				"${BUILT_PRODUCTS_DIR}/FBSDKCoreKit/FBSDKCoreKit.framework",
				"${BUILT_PRODUCTS_DIR}/FBSDKLoginKit/FBSDKLoginKit.framework",
				"${BUILT_PRODUCTS_DIR}/FBSDKShareKit/FBSDKShareKit.framework",
				"${BUILT_PRODUCTS_DIR}/GTMSessionFetcher/GTMSessionFetcher.framework",
				"${BUILT_PRODUCTS_DIR}/GoogleToolboxForMac/GoogleToolboxForMac.framework",
				"${BUILT_PRODUCTS_DIR}/IBAnimatable/IBAnimatable.framework",
				"${BUILT_PRODUCTS_DIR}/IQKeyboardManagerSwift/IQKeyboardManagerSwift.framework",
				"${BUILT_PRODUCTS_DIR}/SDWebImage/SDWebImage.framework",
				"${BUILT_PRODUCTS_DIR}/leveldb-library/leveldb.framework",
				"${BUILT_PRODUCTS_DIR}/nanopb/nanopb.framework",
			);
			name = "[CP] Embed Pods Frameworks";
			outputPaths = (
				"${TARGET_BUILD_DIR}/${FRAMEWORKS_FOLDER_PATH}/Bolts.framework",
				"${TARGET_BUILD_DIR}/${FRAMEWORKS_FOLDER_PATH}/FBSDKCoreKit.framework",
				"${TARGET_BUILD_DIR}/${FRAMEWORKS_FOLDER_PATH}/FBSDKLoginKit.framework",
				"${TARGET_BUILD_DIR}/${FRAMEWORKS_FOLDER_PATH}/FBSDKShareKit.framework",
				"${TARGET_BUILD_DIR}/${FRAMEWORKS_FOLDER_PATH}/GTMSessionFetcher.framework",
				"${TARGET_BUILD_DIR}/${FRAMEWORKS_FOLDER_PATH}/GoogleToolboxForMac.framework",
				"${TARGET_BUILD_DIR}/${FRAMEWORKS_FOLDER_PATH}/IBAnimatable.framework",
				"${TARGET_BUILD_DIR}/${FRAMEWORKS_FOLDER_PATH}/IQKeyboardManagerSwift.framework",
				"${TARGET_BUILD_DIR}/${FRAMEWORKS_FOLDER_PATH}/SDWebImage.framework",
				"${TARGET_BUILD_DIR}/${FRAMEWORKS_FOLDER_PATH}/leveldb.framework",
				"${TARGET_BUILD_DIR}/${FRAMEWORKS_FOLDER_PATH}/nanopb.framework",
			);
			runOnlyForDeploymentPostprocessing = 0;
			shellPath = /bin/sh;
			shellScript = "\"${SRCROOT}/Pods/Target Support Files/Pods-TellThem/Pods-TellThem-frameworks.sh\"\n";
			showEnvVarsInLog = 0;
		};
		E2D9B376775C99B24D3EE26E /* [CP] Check Pods Manifest.lock */ = {
			isa = PBXShellScriptBuildPhase;
			buildActionMask = 2147483647;
			files = (
			);
			inputPaths = (
				"${PODS_PODFILE_DIR_PATH}/Podfile.lock",
				"${PODS_ROOT}/Manifest.lock",
			);
			name = "[CP] Check Pods Manifest.lock";
			outputPaths = (
				"$(DERIVED_FILE_DIR)/Pods-TellThemUITests-checkManifestLockResult.txt",
			);
			runOnlyForDeploymentPostprocessing = 0;
			shellPath = /bin/sh;
			shellScript = "diff \"${PODS_PODFILE_DIR_PATH}/Podfile.lock\" \"${PODS_ROOT}/Manifest.lock\" > /dev/null\nif [ $? != 0 ] ; then\n    # print error to STDERR\n    echo \"error: The sandbox is not in sync with the Podfile.lock. Run 'pod install' or update your CocoaPods installation.\" >&2\n    exit 1\nfi\n# This output is used by Xcode 'outputs' to avoid re-running this script phase.\necho \"SUCCESS\" > \"${SCRIPT_OUTPUT_FILE_0}\"\n";
			showEnvVarsInLog = 0;
		};
		F930C62E22E1D4F676506AE4 /* [CP] Check Pods Manifest.lock */ = {
			isa = PBXShellScriptBuildPhase;
			buildActionMask = 2147483647;
			files = (
			);
			inputPaths = (
				"${PODS_PODFILE_DIR_PATH}/Podfile.lock",
				"${PODS_ROOT}/Manifest.lock",
			);
			name = "[CP] Check Pods Manifest.lock";
			outputPaths = (
				"$(DERIVED_FILE_DIR)/Pods-TellThem-checkManifestLockResult.txt",
			);
			runOnlyForDeploymentPostprocessing = 0;
			shellPath = /bin/sh;
			shellScript = "diff \"${PODS_PODFILE_DIR_PATH}/Podfile.lock\" \"${PODS_ROOT}/Manifest.lock\" > /dev/null\nif [ $? != 0 ] ; then\n    # print error to STDERR\n    echo \"error: The sandbox is not in sync with the Podfile.lock. Run 'pod install' or update your CocoaPods installation.\" >&2\n    exit 1\nfi\n# This output is used by Xcode 'outputs' to avoid re-running this script phase.\necho \"SUCCESS\" > \"${SCRIPT_OUTPUT_FILE_0}\"\n";
			showEnvVarsInLog = 0;
		};
/* End PBXShellScriptBuildPhase section */

/* Begin PBXSourcesBuildPhase section */
		533468F81F3B51E300D54B92 /* Sources */ = {
			isa = PBXSourcesBuildPhase;
			buildActionMask = 2147483647;
			files = (
				5334C1AC1F840F8B00F1F5A0 /* ContainerVC.swift in Sources */,
				5350CBB91F3B6C9600E48FDF /* AuthServices.swift in Sources */,
				537FFA2B1F8339670074A436 /* CreateAccountVC.swift in Sources */,
				533469001F3B51E300D54B92 /* AppDelegate.swift in Sources */,
				539A1D621F55DA4400327B66 /* TabBarVC.swift in Sources */,
				537FFA291F830CF80074A436 /* GetStartedVC.swift in Sources */,
				53889F091F83463700938D53 /* SetProfileImageVC.swift in Sources */,
				5334C1AE1F840FBD00F1F5A0 /* SideMenuVC.swift in Sources */,
				5350CBBB1F3B6CB800E48FDF /* DatabaseServices.swift in Sources */,
				53022DA21F840390003DBDD0 /* LoginVC.swift in Sources */,
				5350CBBF1F3B70D200E48FDF /* DismissKeyboard.swift in Sources */,
				5350CBB71F3B6AE000E48FDF /* WelcomeVC.swift in Sources */,
				5350CBBD1F3B6CC700E48FDF /* Users.swift in Sources */,
			);
			runOnlyForDeploymentPostprocessing = 0;
		};
		5334690C1F3B51E300D54B92 /* Sources */ = {
			isa = PBXSourcesBuildPhase;
			buildActionMask = 2147483647;
			files = (
				533469151F3B51E300D54B92 /* TellThemUITests.swift in Sources */,
			);
			runOnlyForDeploymentPostprocessing = 0;
		};
/* End PBXSourcesBuildPhase section */

/* Begin PBXTargetDependency section */
		533469121F3B51E300D54B92 /* PBXTargetDependency */ = {
			isa = PBXTargetDependency;
			target = 533468FB1F3B51E300D54B92 /* TellThem */;
			targetProxy = 533469111F3B51E300D54B92 /* PBXContainerItemProxy */;
		};
/* End PBXTargetDependency section */

/* Begin PBXVariantGroup section */
		533469031F3B51E300D54B92 /* Main.storyboard */ = {
			isa = PBXVariantGroup;
			children = (
				533469041F3B51E300D54B92 /* Base */,
			);
			name = Main.storyboard;
			sourceTree = "<group>";
		};
		533469081F3B51E300D54B92 /* LaunchScreen.storyboard */ = {
			isa = PBXVariantGroup;
			children = (
				533469091F3B51E300D54B92 /* Base */,
			);
			name = LaunchScreen.storyboard;
			sourceTree = "<group>";
		};
/* End PBXVariantGroup section */

/* Begin XCBuildConfiguration section */
		533469171F3B51E300D54B92 /* Debug */ = {
			isa = XCBuildConfiguration;
			buildSettings = {
				ALWAYS_SEARCH_USER_PATHS = NO;
				CLANG_ANALYZER_NONNULL = YES;
				CLANG_ANALYZER_NUMBER_OBJECT_CONVERSION = YES_AGGRESSIVE;
				CLANG_CXX_LANGUAGE_STANDARD = "gnu++0x";
				CLANG_CXX_LIBRARY = "libc++";
				CLANG_ENABLE_MODULES = YES;
				CLANG_ENABLE_OBJC_ARC = YES;
				CLANG_WARN_BOOL_CONVERSION = YES;
				CLANG_WARN_CONSTANT_CONVERSION = YES;
				CLANG_WARN_DIRECT_OBJC_ISA_USAGE = YES_ERROR;
				CLANG_WARN_DOCUMENTATION_COMMENTS = YES;
				CLANG_WARN_EMPTY_BODY = YES;
				CLANG_WARN_ENUM_CONVERSION = YES;
				CLANG_WARN_INFINITE_RECURSION = YES;
				CLANG_WARN_INT_CONVERSION = YES;
				CLANG_WARN_OBJC_ROOT_CLASS = YES_ERROR;
				CLANG_WARN_SUSPICIOUS_MOVE = YES;
				CLANG_WARN_UNREACHABLE_CODE = YES;
				CLANG_WARN__DUPLICATE_METHOD_MATCH = YES;
				"CODE_SIGN_IDENTITY[sdk=iphoneos*]" = "iPhone Developer";
				COPY_PHASE_STRIP = NO;
				DEBUG_INFORMATION_FORMAT = dwarf;
				ENABLE_STRICT_OBJC_MSGSEND = YES;
				ENABLE_TESTABILITY = YES;
				GCC_C_LANGUAGE_STANDARD = gnu99;
				GCC_DYNAMIC_NO_PIC = NO;
				GCC_NO_COMMON_BLOCKS = YES;
				GCC_OPTIMIZATION_LEVEL = 0;
				GCC_PREPROCESSOR_DEFINITIONS = (
					"DEBUG=1",
					"$(inherited)",
				);
				GCC_WARN_64_TO_32_BIT_CONVERSION = YES;
				GCC_WARN_ABOUT_RETURN_TYPE = YES_ERROR;
				GCC_WARN_UNDECLARED_SELECTOR = YES;
				GCC_WARN_UNINITIALIZED_AUTOS = YES_AGGRESSIVE;
				GCC_WARN_UNUSED_FUNCTION = YES;
				GCC_WARN_UNUSED_VARIABLE = YES;
				IPHONEOS_DEPLOYMENT_TARGET = 10.3;
				MTL_ENABLE_DEBUG_INFO = YES;
				ONLY_ACTIVE_ARCH = YES;
				SDKROOT = iphoneos;
				SWIFT_ACTIVE_COMPILATION_CONDITIONS = DEBUG;
				SWIFT_OPTIMIZATION_LEVEL = "-Onone";
				TARGETED_DEVICE_FAMILY = "1,2";
			};
			name = Debug;
		};
		533469181F3B51E300D54B92 /* Release */ = {
			isa = XCBuildConfiguration;
			buildSettings = {
				ALWAYS_SEARCH_USER_PATHS = NO;
				CLANG_ANALYZER_NONNULL = YES;
				CLANG_ANALYZER_NUMBER_OBJECT_CONVERSION = YES_AGGRESSIVE;
				CLANG_CXX_LANGUAGE_STANDARD = "gnu++0x";
				CLANG_CXX_LIBRARY = "libc++";
				CLANG_ENABLE_MODULES = YES;
				CLANG_ENABLE_OBJC_ARC = YES;
				CLANG_WARN_BOOL_CONVERSION = YES;
				CLANG_WARN_CONSTANT_CONVERSION = YES;
				CLANG_WARN_DIRECT_OBJC_ISA_USAGE = YES_ERROR;
				CLANG_WARN_DOCUMENTATION_COMMENTS = YES;
				CLANG_WARN_EMPTY_BODY = YES;
				CLANG_WARN_ENUM_CONVERSION = YES;
				CLANG_WARN_INFINITE_RECURSION = YES;
				CLANG_WARN_INT_CONVERSION = YES;
				CLANG_WARN_OBJC_ROOT_CLASS = YES_ERROR;
				CLANG_WARN_SUSPICIOUS_MOVE = YES;
				CLANG_WARN_UNREACHABLE_CODE = YES;
				CLANG_WARN__DUPLICATE_METHOD_MATCH = YES;
				"CODE_SIGN_IDENTITY[sdk=iphoneos*]" = "iPhone Developer";
				COPY_PHASE_STRIP = NO;
				DEBUG_INFORMATION_FORMAT = "dwarf-with-dsym";
				ENABLE_NS_ASSERTIONS = NO;
				ENABLE_STRICT_OBJC_MSGSEND = YES;
				GCC_C_LANGUAGE_STANDARD = gnu99;
				GCC_NO_COMMON_BLOCKS = YES;
				GCC_WARN_64_TO_32_BIT_CONVERSION = YES;
				GCC_WARN_ABOUT_RETURN_TYPE = YES_ERROR;
				GCC_WARN_UNDECLARED_SELECTOR = YES;
				GCC_WARN_UNINITIALIZED_AUTOS = YES_AGGRESSIVE;
				GCC_WARN_UNUSED_FUNCTION = YES;
				GCC_WARN_UNUSED_VARIABLE = YES;
				IPHONEOS_DEPLOYMENT_TARGET = 10.3;
				MTL_ENABLE_DEBUG_INFO = NO;
				SDKROOT = iphoneos;
				SWIFT_OPTIMIZATION_LEVEL = "-Owholemodule";
				TARGETED_DEVICE_FAMILY = "1,2";
				VALIDATE_PRODUCT = YES;
			};
			name = Release;
		};
		5334691A1F3B51E300D54B92 /* Debug */ = {
			isa = XCBuildConfiguration;
			baseConfigurationReference = B4D91CD9B4CC15A3DD8FF49E /* Pods-TellThem.debug.xcconfig */;
			buildSettings = {
				ASSETCATALOG_COMPILER_APPICON_NAME = AppIcon;
				DEVELOPMENT_TEAM = Z383SB92Z7;
				INFOPLIST_FILE = TellThem/Info.plist;
				LD_RUNPATH_SEARCH_PATHS = "$(inherited) @executable_path/Frameworks";
				PRODUCT_BUNDLE_IDENTIFIER = com.jamesdave.TellThemNow;
				PRODUCT_NAME = "$(TARGET_NAME)";
				SWIFT_VERSION = 3.0;
			};
			name = Debug;
		};
		5334691B1F3B51E300D54B92 /* Release */ = {
			isa = XCBuildConfiguration;
			baseConfigurationReference = B6D278D80AD2F5F7414431FB /* Pods-TellThem.release.xcconfig */;
			buildSettings = {
				ASSETCATALOG_COMPILER_APPICON_NAME = AppIcon;
				DEVELOPMENT_TEAM = Z383SB92Z7;
				INFOPLIST_FILE = TellThem/Info.plist;
				LD_RUNPATH_SEARCH_PATHS = "$(inherited) @executable_path/Frameworks";
				PRODUCT_BUNDLE_IDENTIFIER = com.jamesdave.TellThemNow;
				PRODUCT_NAME = "$(TARGET_NAME)";
				SWIFT_VERSION = 3.0;
			};
			name = Release;
		};
		5334691D1F3B51E300D54B92 /* Debug */ = {
			isa = XCBuildConfiguration;
			baseConfigurationReference = 8A295D001B9869CE48319424 /* Pods-TellThemUITests.debug.xcconfig */;
			buildSettings = {
				ALWAYS_EMBED_SWIFT_STANDARD_LIBRARIES = YES;
				DEVELOPMENT_TEAM = Z383SB92Z7;
				INFOPLIST_FILE = TellThemUITests/Info.plist;
				LD_RUNPATH_SEARCH_PATHS = "$(inherited) @executable_path/Frameworks @loader_path/Frameworks";
				PRODUCT_BUNDLE_IDENTIFIER = "tell-them.TellThemUITests";
				PRODUCT_NAME = "$(TARGET_NAME)";
				SWIFT_VERSION = 3.0;
				TEST_TARGET_NAME = TellThem;
			};
			name = Debug;
		};
		5334691E1F3B51E300D54B92 /* Release */ = {
			isa = XCBuildConfiguration;
			baseConfigurationReference = A60F8BBCA418FA4DB60DA12F /* Pods-TellThemUITests.release.xcconfig */;
			buildSettings = {
				ALWAYS_EMBED_SWIFT_STANDARD_LIBRARIES = YES;
				DEVELOPMENT_TEAM = Z383SB92Z7;
				INFOPLIST_FILE = TellThemUITests/Info.plist;
				LD_RUNPATH_SEARCH_PATHS = "$(inherited) @executable_path/Frameworks @loader_path/Frameworks";
				PRODUCT_BUNDLE_IDENTIFIER = "tell-them.TellThemUITests";
				PRODUCT_NAME = "$(TARGET_NAME)";
				SWIFT_VERSION = 3.0;
				TEST_TARGET_NAME = TellThem;
			};
			name = Release;
		};
/* End XCBuildConfiguration section */

/* Begin XCConfigurationList section */
		533468F71F3B51E300D54B92 /* Build configuration list for PBXProject "TellThem" */ = {
			isa = XCConfigurationList;
			buildConfigurations = (
				533469171F3B51E300D54B92 /* Debug */,
				533469181F3B51E300D54B92 /* Release */,
			);
			defaultConfigurationIsVisible = 0;
			defaultConfigurationName = Release;
		};
		533469191F3B51E300D54B92 /* Build configuration list for PBXNativeTarget "TellThem" */ = {
			isa = XCConfigurationList;
			buildConfigurations = (
				5334691A1F3B51E300D54B92 /* Debug */,
				5334691B1F3B51E300D54B92 /* Release */,
			);
			defaultConfigurationIsVisible = 0;
			defaultConfigurationName = Release;
		};
		5334691C1F3B51E300D54B92 /* Build configuration list for PBXNativeTarget "TellThemUITests" */ = {
			isa = XCConfigurationList;
			buildConfigurations = (
				5334691D1F3B51E300D54B92 /* Debug */,
				5334691E1F3B51E300D54B92 /* Release */,
			);
			defaultConfigurationIsVisible = 0;
			defaultConfigurationName = Release;
		};
/* End XCConfigurationList section */
	};
	rootObject = 533468F41F3B51E300D54B92 /* Project object */;
}
